
Microsoft Visual Studio Solution File, Format Version 12.00
# Visual Studio 15
VisualStudioVersion = 15.0.28307.271
MinimumVisualStudioVersion = 10.0.40219.1
Project("{9A19103F-16F7-4668-BE54-9A1E7A4F7556}") = "Ref.App", "Ref.App\Ref.App.csproj", "{FD6C8999-9E0E-4108-A5C2-BD7D00976F19}"
EndProject
Project("{9A19103F-16F7-4668-BE54-9A1E7A4F7556}") = "Ref.Sites", "Ref.Sites\Ref.Sites.csproj", "{8C05B7A7-E91C-4753-BD9D-51C20C8A5BF6}"
EndProject
Project("{9A19103F-16F7-4668-BE54-9A1E7A4F7556}") = "Ref.Shared", "Ref.Shared\Ref.Shared.csproj", "{C450D0E3-47A0-4FAC-87A1-BE09B9089697}"
EndProject
Project("{9A19103F-16F7-4668-BE54-9A1E7A4F7556}") = "Ref.Data", "Ref.Data\Ref.Data.csproj", "{4075AE59-C87F-435D-A51D-C8ED6B19E172}"
EndProject
Project("{9A19103F-16F7-4668-BE54-9A1E7A4F7556}") = "Ref.Api", "Ref.Api\Ref.Api.csproj", "{0DB446A1-382A-4B0A-BC06-AADAAB5D1555}"
EndProject
Project("{9A19103F-16F7-4668-BE54-9A1E7A4F7556}") = "Ref.Services", "Ref.Services\Ref.Services.csproj", "{BC8566D8-5DBC-4D6B-8596-E4CA467F05B2}"
EndProject
Project("{9A19103F-16F7-4668-BE54-9A1E7A4F7556}") = "Ref.Cleaner", "Ref.Cleaner\Ref.Cleaner.csproj", "{45C1978F-7B70-4441-A029-9523FDD9ADD6}"
EndProject
Project("{9A19103F-16F7-4668-BE54-9A1E7A4F7556}") = "Ref.Coordinator", "Ref.Coordinator\Ref.Coordinator.csproj", "{9071C484-78D0-41F3-88D2-D36698B702A1}"
EndProject
Project("{9A19103F-16F7-4668-BE54-9A1E7A4F7556}") = "Ref.Notifier", "Ref.Notifier\Ref.Notifier.csproj", "{1DCA7FA8-CA41-4DD5-BDAC-C7FB3524B597}"
EndProject
Project("{9A19103F-16F7-4668-BE54-9A1E7A4F7556}") = "Ref.Scrapper", "Ref.Scrapper\Ref.Scrapper.csproj", "{1FE69C53-7B08-405F-AC71-852677C9F4AA}"
EndProject
Global
	GlobalSection(SolutionConfigurationPlatforms) = preSolution
		Debug|Any CPU = Debug|Any CPU
		Release|Any CPU = Release|Any CPU
	EndGlobalSection
	GlobalSection(ProjectConfigurationPlatforms) = postSolution
		{FD6C8999-9E0E-4108-A5C2-BD7D00976F19}.Debug|Any CPU.ActiveCfg = Debug|Any CPU
		{FD6C8999-9E0E-4108-A5C2-BD7D00976F19}.Debug|Any CPU.Build.0 = Debug|Any CPU
		{FD6C8999-9E0E-4108-A5C2-BD7D00976F19}.Release|Any CPU.ActiveCfg = Release|Any CPU
		{FD6C8999-9E0E-4108-A5C2-BD7D00976F19}.Release|Any CPU.Build.0 = Release|Any CPU
		{8C05B7A7-E91C-4753-BD9D-51C20C8A5BF6}.Debug|Any CPU.ActiveCfg = Debug|Any CPU
		{8C05B7A7-E91C-4753-BD9D-51C20C8A5BF6}.Debug|Any CPU.Build.0 = Debug|Any CPU
		{8C05B7A7-E91C-4753-BD9D-51C20C8A5BF6}.Release|Any CPU.ActiveCfg = Release|Any CPU
		{8C05B7A7-E91C-4753-BD9D-51C20C8A5BF6}.Release|Any CPU.Build.0 = Release|Any CPU
		{C450D0E3-47A0-4FAC-87A1-BE09B9089697}.Debug|Any CPU.ActiveCfg = Debug|Any CPU
		{C450D0E3-47A0-4FAC-87A1-BE09B9089697}.Debug|Any CPU.Build.0 = Debug|Any CPU
		{C450D0E3-47A0-4FAC-87A1-BE09B9089697}.Release|Any CPU.ActiveCfg = Release|Any CPU
		{C450D0E3-47A0-4FAC-87A1-BE09B9089697}.Release|Any CPU.Build.0 = Release|Any CPU
		{4075AE59-C87F-435D-A51D-C8ED6B19E172}.Debug|Any CPU.ActiveCfg = Debug|Any CPU
		{4075AE59-C87F-435D-A51D-C8ED6B19E172}.Debug|Any CPU.Build.0 = Debug|Any CPU
		{4075AE59-C87F-435D-A51D-C8ED6B19E172}.Release|Any CPU.ActiveCfg = Release|Any CPU
		{4075AE59-C87F-435D-A51D-C8ED6B19E172}.Release|Any CPU.Build.0 = Release|Any CPU
		{0DB446A1-382A-4B0A-BC06-AADAAB5D1555}.Debug|Any CPU.ActiveCfg = Debug|Any CPU
		{0DB446A1-382A-4B0A-BC06-AADAAB5D1555}.Debug|Any CPU.Build.0 = Debug|Any CPU
		{0DB446A1-382A-4B0A-BC06-AADAAB5D1555}.Release|Any CPU.ActiveCfg = Release|Any CPU
		{0DB446A1-382A-4B0A-BC06-AADAAB5D1555}.Release|Any CPU.Build.0 = Release|Any CPU
		{BC8566D8-5DBC-4D6B-8596-E4CA467F05B2}.Debug|Any CPU.ActiveCfg = Debug|Any CPU
		{BC8566D8-5DBC-4D6B-8596-E4CA467F05B2}.Debug|Any CPU.Build.0 = Debug|Any CPU
		{BC8566D8-5DBC-4D6B-8596-E4CA467F05B2}.Release|Any CPU.ActiveCfg = Release|Any CPU
		{BC8566D8-5DBC-4D6B-8596-E4CA467F05B2}.Release|Any CPU.Build.0 = Release|Any CPU
		{45C1978F-7B70-4441-A029-9523FDD9ADD6}.Debug|Any CPU.ActiveCfg = Debug|Any CPU
		{45C1978F-7B70-4441-A029-9523FDD9ADD6}.Debug|Any CPU.Build.0 = Debug|Any CPU
		{45C1978F-7B70-4441-A029-9523FDD9ADD6}.Release|Any CPU.ActiveCfg = Release|Any CPU
		{45C1978F-7B70-4441-A029-9523FDD9ADD6}.Release|Any CPU.Build.0 = Release|Any CPU
		{9071C484-78D0-41F3-88D2-D36698B702A1}.Debug|Any CPU.ActiveCfg = Debug|Any CPU
		{9071C484-78D0-41F3-88D2-D36698B702A1}.Debug|Any CPU.Build.0 = Debug|Any CPU
		{9071C484-78D0-41F3-88D2-D36698B702A1}.Release|Any CPU.ActiveCfg = Release|Any CPU
		{9071C484-78D0-41F3-88D2-D36698B702A1}.Release|Any CPU.Build.0 = Release|Any CPU
		{1DCA7FA8-CA41-4DD5-BDAC-C7FB3524B597}.Debug|Any CPU.ActiveCfg = Debug|Any CPU
		{1DCA7FA8-CA41-4DD5-BDAC-C7FB3524B597}.Debug|Any CPU.Build.0 = Debug|Any CPU
		{1DCA7FA8-CA41-4DD5-BDAC-C7FB3524B597}.Release|Any CPU.ActiveCfg = Release|Any CPU
		{1DCA7FA8-CA41-4DD5-BDAC-C7FB3524B597}.Release|Any CPU.Build.0 = Release|Any CPU
		{1FE69C53-7B08-405F-AC71-852677C9F4AA}.Debug|Any CPU.ActiveCfg = Debug|Any CPU
		{1FE69C53-7B08-405F-AC71-852677C9F4AA}.Debug|Any CPU.Build.0 = Debug|Any CPU
		{1FE69C53-7B08-405F-AC71-852677C9F4AA}.Release|Any CPU.ActiveCfg = Release|Any CPU
		{1FE69C53-7B08-405F-AC71-852677C9F4AA}.Release|Any CPU.Build.0 = Release|Any CPU
	EndGlobalSection
	GlobalSection(SolutionProperties) = preSolution
		HideSolutionNode = FALSE
	EndGlobalSection
	GlobalSection(ExtensibilityGlobals) = postSolution
		SolutionGuid = {6B323AA6-4DEF-4365-BFB9-65A504673F19}
	EndGlobalSection
EndGlobal
